
Microsoft Visual Studio Solution File, Format Version 12.00
# Visual Studio Version 17
VisualStudioVersion = 17.10.35027.167
MinimumVisualStudioVersion = 10.0.40219.1
Project("{9A19103F-16F7-4668-BE54-9A1E7A4F7556}") = "Factory Method", "Factory Method\Factory Method.csproj", "{5F8556E2-3364-420A-942E-67D259158FAA}"
EndProject
Project("{9A19103F-16F7-4668-BE54-9A1E7A4F7556}") = "Abstract Factory", "Abstract Factory\Abstract Factory.csproj", "{62D2EA0B-BF6E-4FBC-97D6-94017B2690DB}"
EndProject
Project("{FAE04EC0-301F-11D3-BF4B-00C04F79EFBC}") = "Singleton", "Singleton\Singleton.csproj", "{D2B741B6-55EC-4B99-BF91-724B03C7482C}"
EndProject
Project("{FAE04EC0-301F-11D3-BF4B-00C04F79EFBC}") = "Prototype", "Prototype\Prototype.csproj", "{FA43AB37-B645-49B7-9797-14915ED119C8}"
EndProject
Project("{FAE04EC0-301F-11D3-BF4B-00C04F79EFBC}") = "Builder", "Builder\Builder.csproj", "{26D77D29-36B9-4651-9386-9BF772653492}"
EndProject
Global
	GlobalSection(SolutionConfigurationPlatforms) = preSolution
		Debug|Any CPU = Debug|Any CPU
		Release|Any CPU = Release|Any CPU
	EndGlobalSection
	GlobalSection(ProjectConfigurationPlatforms) = postSolution
		{5F8556E2-3364-420A-942E-67D259158FAA}.Debug|Any CPU.ActiveCfg = Debug|Any CPU
		{5F8556E2-3364-420A-942E-67D259158FAA}.Debug|Any CPU.Build.0 = Debug|Any CPU
		{5F8556E2-3364-420A-942E-67D259158FAA}.Release|Any CPU.ActiveCfg = Release|Any CPU
		{5F8556E2-3364-420A-942E-67D259158FAA}.Release|Any CPU.Build.0 = Release|Any CPU
		{62D2EA0B-BF6E-4FBC-97D6-94017B2690DB}.Debug|Any CPU.ActiveCfg = Debug|Any CPU
		{62D2EA0B-BF6E-4FBC-97D6-94017B2690DB}.Debug|Any CPU.Build.0 = Debug|Any CPU
		{62D2EA0B-BF6E-4FBC-97D6-94017B2690DB}.Release|Any CPU.ActiveCfg = Release|Any CPU
		{62D2EA0B-BF6E-4FBC-97D6-94017B2690DB}.Release|Any CPU.Build.0 = Release|Any CPU
		{D2B741B6-55EC-4B99-BF91-724B03C7482C}.Debug|Any CPU.ActiveCfg = Debug|Any CPU
		{D2B741B6-55EC-4B99-BF91-724B03C7482C}.Debug|Any CPU.Build.0 = Debug|Any CPU
		{D2B741B6-55EC-4B99-BF91-724B03C7482C}.Release|Any CPU.ActiveCfg = Release|Any CPU
		{D2B741B6-55EC-4B99-BF91-724B03C7482C}.Release|Any CPU.Build.0 = Release|Any CPU
		{FA43AB37-B645-49B7-9797-14915ED119C8}.Debug|Any CPU.ActiveCfg = Debug|Any CPU
		{FA43AB37-B645-49B7-9797-14915ED119C8}.Debug|Any CPU.Build.0 = Debug|Any CPU
		{FA43AB37-B645-49B7-9797-14915ED119C8}.Release|Any CPU.ActiveCfg = Release|Any CPU
		{FA43AB37-B645-49B7-9797-14915ED119C8}.Release|Any CPU.Build.0 = Release|Any CPU
		{26D77D29-36B9-4651-9386-9BF772653492}.Debug|Any CPU.ActiveCfg = Debug|Any CPU
		{26D77D29-36B9-4651-9386-9BF772653492}.Debug|Any CPU.Build.0 = Debug|Any CPU
		{26D77D29-36B9-4651-9386-9BF772653492}.Release|Any CPU.ActiveCfg = Release|Any CPU
		{26D77D29-36B9-4651-9386-9BF772653492}.Release|Any CPU.Build.0 = Release|Any CPU
	EndGlobalSection
	GlobalSection(SolutionProperties) = preSolution
		HideSolutionNode = FALSE
	EndGlobalSection
	GlobalSection(ExtensibilityGlobals) = postSolution
		SolutionGuid = {9A3DD1DB-0FB4-4451-9653-24EF4E1A1FB7}
	EndGlobalSection
EndGlobal
