
Microsoft Visual Studio Solution File, Format Version 12.00
# Visual Studio Version 17
VisualStudioVersion = 17.10.35027.167
MinimumVisualStudioVersion = 10.0.40219.1
Project("{9A19103F-16F7-4668-BE54-9A1E7A4F7556}") = "Adapter", "Adapter\Adapter.csproj", "{88265424-6393-40F0-A362-34000FBE270D}"
EndProject
Project("{9A19103F-16F7-4668-BE54-9A1E7A4F7556}") = "Decorator", "Decorator\Decorator.csproj", "{89E686D9-53CD-46BF-B93D-55ECF64C04F7}"
EndProject
Project("{9A19103F-16F7-4668-BE54-9A1E7A4F7556}") = "Bridge", "Bridge\Bridge.csproj", "{3A0888BF-2E0A-46EF-8C04-4F20A37AB6B2}"
EndProject
Project("{9A19103F-16F7-4668-BE54-9A1E7A4F7556}") = "Proxy", "Proxy\Proxy.csproj", "{AB4CA931-D99C-4787-B73F-A0A228993B06}"
EndProject
Project("{FAE04EC0-301F-11D3-BF4B-00C04F79EFBC}") = "Composite", "Composite\Composite.csproj", "{A055B242-C952-4963-9C53-E7C49B289E9C}"
EndProject
Project("{FAE04EC0-301F-11D3-BF4B-00C04F79EFBC}") = "Flyweight", "Flyweight\Flyweight.csproj", "{3ECABF87-9E3F-4E34-8DBA-9597C3C81CAF}"
EndProject
Global
	GlobalSection(SolutionConfigurationPlatforms) = preSolution
		Debug|Any CPU = Debug|Any CPU
		Release|Any CPU = Release|Any CPU
	EndGlobalSection
	GlobalSection(ProjectConfigurationPlatforms) = postSolution
		{88265424-6393-40F0-A362-34000FBE270D}.Debug|Any CPU.ActiveCfg = Debug|Any CPU
		{88265424-6393-40F0-A362-34000FBE270D}.Debug|Any CPU.Build.0 = Debug|Any CPU
		{88265424-6393-40F0-A362-34000FBE270D}.Release|Any CPU.ActiveCfg = Release|Any CPU
		{88265424-6393-40F0-A362-34000FBE270D}.Release|Any CPU.Build.0 = Release|Any CPU
		{89E686D9-53CD-46BF-B93D-55ECF64C04F7}.Debug|Any CPU.ActiveCfg = Debug|Any CPU
		{89E686D9-53CD-46BF-B93D-55ECF64C04F7}.Debug|Any CPU.Build.0 = Debug|Any CPU
		{89E686D9-53CD-46BF-B93D-55ECF64C04F7}.Release|Any CPU.ActiveCfg = Release|Any CPU
		{89E686D9-53CD-46BF-B93D-55ECF64C04F7}.Release|Any CPU.Build.0 = Release|Any CPU
		{3A0888BF-2E0A-46EF-8C04-4F20A37AB6B2}.Debug|Any CPU.ActiveCfg = Debug|Any CPU
		{3A0888BF-2E0A-46EF-8C04-4F20A37AB6B2}.Debug|Any CPU.Build.0 = Debug|Any CPU
		{3A0888BF-2E0A-46EF-8C04-4F20A37AB6B2}.Release|Any CPU.ActiveCfg = Release|Any CPU
		{3A0888BF-2E0A-46EF-8C04-4F20A37AB6B2}.Release|Any CPU.Build.0 = Release|Any CPU
		{AB4CA931-D99C-4787-B73F-A0A228993B06}.Debug|Any CPU.ActiveCfg = Debug|Any CPU
		{AB4CA931-D99C-4787-B73F-A0A228993B06}.Debug|Any CPU.Build.0 = Debug|Any CPU
		{AB4CA931-D99C-4787-B73F-A0A228993B06}.Release|Any CPU.ActiveCfg = Release|Any CPU
		{AB4CA931-D99C-4787-B73F-A0A228993B06}.Release|Any CPU.Build.0 = Release|Any CPU
		{A055B242-C952-4963-9C53-E7C49B289E9C}.Debug|Any CPU.ActiveCfg = Debug|Any CPU
		{A055B242-C952-4963-9C53-E7C49B289E9C}.Debug|Any CPU.Build.0 = Debug|Any CPU
		{A055B242-C952-4963-9C53-E7C49B289E9C}.Release|Any CPU.ActiveCfg = Release|Any CPU
		{A055B242-C952-4963-9C53-E7C49B289E9C}.Release|Any CPU.Build.0 = Release|Any CPU
		{3ECABF87-9E3F-4E34-8DBA-9597C3C81CAF}.Debug|Any CPU.ActiveCfg = Debug|Any CPU
		{3ECABF87-9E3F-4E34-8DBA-9597C3C81CAF}.Debug|Any CPU.Build.0 = Debug|Any CPU
		{3ECABF87-9E3F-4E34-8DBA-9597C3C81CAF}.Release|Any CPU.ActiveCfg = Release|Any CPU
		{3ECABF87-9E3F-4E34-8DBA-9597C3C81CAF}.Release|Any CPU.Build.0 = Release|Any CPU
	EndGlobalSection
	GlobalSection(SolutionProperties) = preSolution
		HideSolutionNode = FALSE
	EndGlobalSection
	GlobalSection(ExtensibilityGlobals) = postSolution
		SolutionGuid = {6DACAD9D-B119-4C58-854B-DAE3C05C51A5}
	EndGlobalSection
EndGlobal
